
Microsoft Visual Studio Solution File, Format Version 12.00
# Visual Studio 15
VisualStudioVersion = 15.0.27130.2026
MinimumVisualStudioVersion = 10.0.40219.1
Project("{FAE04EC0-301F-11D3-BF4B-00C04F79EFBC}") = "Sidebar", "Sidebar\Sidebar.csproj", "{34CCDDA9-CA22-4A98-8BE6-69B733F17D4C}"
EndProject
Project("{FAE04EC0-301F-11D3-BF4B-00C04F79EFBC}") = "Sidebar.Common", "Sidebar.Common\Sidebar.Common.csproj", "{FB3F4A70-02E9-4896-90AD-6E39397683B1}"
EndProject
Project("{FAE04EC0-301F-11D3-BF4B-00C04F79EFBC}") = "Sidebar.Module.Calendar", "Sidebar.Module.Calendar\Sidebar.Module.Calendar.csproj", "{7FE38A3D-BB1E-4ABB-9022-3914E2F44584}"
EndProject
Project("{FAE04EC0-301F-11D3-BF4B-00C04F79EFBC}") = "Sidebar.Module.Clock", "Sidebar.Module.Clock\Sidebar.Module.Clock.csproj", "{7BE4D9E0-F293-470E-835C-1D0698AD491A}"
EndProject
Project("{FAE04EC0-301F-11D3-BF4B-00C04F79EFBC}") = "Sidebar.Module.StickyNote", "Sidebar.Module.StickyNote\Sidebar.Module.StickyNote.csproj", "{5CC084D9-4445-4033-83E3-C9A5A1C30BA4}"
EndProject
Project("{FAE04EC0-301F-11D3-BF4B-00C04F79EFBC}") = "Sidebar.Module.Shortcut", "Sidebar.Module.Shortcut\Sidebar.Module.Shortcut.csproj", "{46890391-0ABC-465D-BF30-D215048AF4A5}"
EndProject
Project("{FAE04EC0-301F-11D3-BF4B-00C04F79EFBC}") = "Sidebar.Module.Calculator", "Sidebar.Module.Calculator\Sidebar.Module.Calculator.csproj", "{56D504C0-C806-4746-ABA0-E7587096D09F}"
EndProject
Project("{FAE04EC0-301F-11D3-BF4B-00C04F79EFBC}") = "Sidebar.Module.Weather", "Sidebar.Module.Weather\Sidebar.Module.Weather.csproj", "{1F8B5B19-E559-4326-B73F-1AC4F1FBD21B}"
EndProject
Project("{2150E333-8FDC-42A3-9474-1A3956D46DE8}") = "Library", "Library", "{8B6E47D7-CF0C-43FF-9163-D9F1A4EBD220}"
	ProjectSection(SolutionItems) = preProject
		Library\DevExpress.Mvvm.dll = Library\DevExpress.Mvvm.dll
		Library\DevExpress.Mvvm.UI.dll = Library\DevExpress.Mvvm.UI.dll
		Library\Hardcodet.Wpf.TaskbarNotification.dll = Library\Hardcodet.Wpf.TaskbarNotification.dll
		Library\MaterialDesignColors.dll = Library\MaterialDesignColors.dll
		Library\MaterialDesignThemes.Wpf.dll = Library\MaterialDesignThemes.Wpf.dll
		Library\NLog.dll = Library\NLog.dll
	EndProjectSection
EndProject
Project("{FAE04EC0-301F-11D3-BF4B-00C04F79EFBC}") = "Sidebar.Module.Dictionary", "Sidebar.Module.Dictionary\Sidebar.Module.Dictionary.csproj", "{BAB015BC-103F-497E-9F52-F97E7A49101D}"
EndProject
Project("{FAE04EC0-301F-11D3-BF4B-00C04F79EFBC}") = "Sidebar.Module.ExchangeRates", "Sidebar.Module.ExchangeRates\Sidebar.Module.ExchangeRates.csproj", "{BDEAA557-D2B6-4D46-B453-A44713BD5676}"
EndProject
Global
	GlobalSection(SolutionConfigurationPlatforms) = preSolution
		Debug|Any CPU = Debug|Any CPU
		Release|Any CPU = Release|Any CPU
	EndGlobalSection
	GlobalSection(ProjectConfigurationPlatforms) = postSolution
		{34CCDDA9-CA22-4A98-8BE6-69B733F17D4C}.Debug|Any CPU.ActiveCfg = Debug|Any CPU
		{34CCDDA9-CA22-4A98-8BE6-69B733F17D4C}.Debug|Any CPU.Build.0 = Debug|Any CPU
		{34CCDDA9-CA22-4A98-8BE6-69B733F17D4C}.Release|Any CPU.ActiveCfg = Release|Any CPU
		{34CCDDA9-CA22-4A98-8BE6-69B733F17D4C}.Release|Any CPU.Build.0 = Release|Any CPU
		{FB3F4A70-02E9-4896-90AD-6E39397683B1}.Debug|Any CPU.ActiveCfg = Debug|Any CPU
		{FB3F4A70-02E9-4896-90AD-6E39397683B1}.Debug|Any CPU.Build.0 = Debug|Any CPU
		{FB3F4A70-02E9-4896-90AD-6E39397683B1}.Release|Any CPU.ActiveCfg = Release|Any CPU
		{FB3F4A70-02E9-4896-90AD-6E39397683B1}.Release|Any CPU.Build.0 = Release|Any CPU
		{7FE38A3D-BB1E-4ABB-9022-3914E2F44584}.Debug|Any CPU.ActiveCfg = Debug|Any CPU
		{7FE38A3D-BB1E-4ABB-9022-3914E2F44584}.Debug|Any CPU.Build.0 = Debug|Any CPU
		{7FE38A3D-BB1E-4ABB-9022-3914E2F44584}.Release|Any CPU.ActiveCfg = Release|Any CPU
		{7FE38A3D-BB1E-4ABB-9022-3914E2F44584}.Release|Any CPU.Build.0 = Release|Any CPU
		{7BE4D9E0-F293-470E-835C-1D0698AD491A}.Debug|Any CPU.ActiveCfg = Debug|Any CPU
		{7BE4D9E0-F293-470E-835C-1D0698AD491A}.Debug|Any CPU.Build.0 = Debug|Any CPU
		{7BE4D9E0-F293-470E-835C-1D0698AD491A}.Release|Any CPU.ActiveCfg = Release|Any CPU
		{7BE4D9E0-F293-470E-835C-1D0698AD491A}.Release|Any CPU.Build.0 = Release|Any CPU
		{5CC084D9-4445-4033-83E3-C9A5A1C30BA4}.Debug|Any CPU.ActiveCfg = Debug|Any CPU
		{5CC084D9-4445-4033-83E3-C9A5A1C30BA4}.Debug|Any CPU.Build.0 = Debug|Any CPU
		{5CC084D9-4445-4033-83E3-C9A5A1C30BA4}.Release|Any CPU.ActiveCfg = Release|Any CPU
		{5CC084D9-4445-4033-83E3-C9A5A1C30BA4}.Release|Any CPU.Build.0 = Release|Any CPU
		{46890391-0ABC-465D-BF30-D215048AF4A5}.Debug|Any CPU.ActiveCfg = Debug|Any CPU
		{46890391-0ABC-465D-BF30-D215048AF4A5}.Debug|Any CPU.Build.0 = Debug|Any CPU
		{46890391-0ABC-465D-BF30-D215048AF4A5}.Release|Any CPU.ActiveCfg = Release|Any CPU
		{46890391-0ABC-465D-BF30-D215048AF4A5}.Release|Any CPU.Build.0 = Release|Any CPU
		{56D504C0-C806-4746-ABA0-E7587096D09F}.Debug|Any CPU.ActiveCfg = Debug|Any CPU
		{56D504C0-C806-4746-ABA0-E7587096D09F}.Debug|Any CPU.Build.0 = Debug|Any CPU
		{56D504C0-C806-4746-ABA0-E7587096D09F}.Release|Any CPU.ActiveCfg = Release|Any CPU
		{56D504C0-C806-4746-ABA0-E7587096D09F}.Release|Any CPU.Build.0 = Release|Any CPU
		{1F8B5B19-E559-4326-B73F-1AC4F1FBD21B}.Debug|Any CPU.ActiveCfg = Debug|Any CPU
		{1F8B5B19-E559-4326-B73F-1AC4F1FBD21B}.Debug|Any CPU.Build.0 = Debug|Any CPU
		{1F8B5B19-E559-4326-B73F-1AC4F1FBD21B}.Release|Any CPU.ActiveCfg = Release|Any CPU
		{1F8B5B19-E559-4326-B73F-1AC4F1FBD21B}.Release|Any CPU.Build.0 = Release|Any CPU
		{BAB015BC-103F-497E-9F52-F97E7A49101D}.Debug|Any CPU.ActiveCfg = Debug|Any CPU
		{BAB015BC-103F-497E-9F52-F97E7A49101D}.Debug|Any CPU.Build.0 = Debug|Any CPU
		{BAB015BC-103F-497E-9F52-F97E7A49101D}.Release|Any CPU.ActiveCfg = Release|Any CPU
		{BAB015BC-103F-497E-9F52-F97E7A49101D}.Release|Any CPU.Build.0 = Release|Any CPU
		{BDEAA557-D2B6-4D46-B453-A44713BD5676}.Debug|Any CPU.ActiveCfg = Debug|Any CPU
		{BDEAA557-D2B6-4D46-B453-A44713BD5676}.Debug|Any CPU.Build.0 = Debug|Any CPU
		{BDEAA557-D2B6-4D46-B453-A44713BD5676}.Release|Any CPU.ActiveCfg = Release|Any CPU
		{BDEAA557-D2B6-4D46-B453-A44713BD5676}.Release|Any CPU.Build.0 = Release|Any CPU
	EndGlobalSection
	GlobalSection(SolutionProperties) = preSolution
		HideSolutionNode = FALSE
	EndGlobalSection
	GlobalSection(ExtensibilityGlobals) = postSolution
		SolutionGuid = {D78A613B-E495-4AC2-9925-885740A9E705}
	EndGlobalSection
EndGlobal
